
Microsoft Visual Studio Solution File, Format Version 12.00
# Visual Studio 2013
VisualStudioVersion = 12.0.30110.0
MinimumVisualStudioVersion = 10.0.40219.1
Project("{FAE04EC0-301F-11D3-BF4B-00C04F79EFBC}") = "ERP.Web", "ERP.Web\ERP.Web.csproj", "{DDDAAF8B-F0D1-4BFD-B485-8B7FC7FD315F}"
EndProject
Project("{FAE04EC0-301F-11D3-BF4B-00C04F79EFBC}") = "SecurityAdministration", "SecurityAdministration\SecurityAdministration.csproj", "{3AF7A7D2-56E3-4CD1-8F60-A53A857DC95B}"
EndProject
Global
	GlobalSection(TeamFoundationVersionControl) = preSolution
		SccNumberOfProjects = 3
		SccEnterpriseProvider = {4CA58AB2-18FA-4F8D-95D4-32DDF27D184C}
		SccTeamFoundationServer = http://silsoftu2-srv:8080/tfs/silunit2
		SccLocalPath0 = .
		SccProjectUniqueName1 = ERP.Web\\ERP.Web.csproj
		SccProjectName1 = ERP.Web
		SccLocalPath1 = ERP.Web
		SccProjectUniqueName2 = SecurityAdministration\\SecurityAdministration.csproj
		SccProjectName2 = SecurityAdministration
		SccLocalPath2 = SecurityAdministration
	EndGlobalSection
	GlobalSection(SolutionConfigurationPlatforms) = preSolution
		Debug|Any CPU = Debug|Any CPU
		Release|Any CPU = Release|Any CPU
	EndGlobalSection
	GlobalSection(ProjectConfigurationPlatforms) = postSolution
		{DDDAAF8B-F0D1-4BFD-B485-8B7FC7FD315F}.Debug|Any CPU.ActiveCfg = Debug|Any CPU
		{DDDAAF8B-F0D1-4BFD-B485-8B7FC7FD315F}.Debug|Any CPU.Build.0 = Debug|Any CPU
		{DDDAAF8B-F0D1-4BFD-B485-8B7FC7FD315F}.Release|Any CPU.ActiveCfg = Release|Any CPU
		{DDDAAF8B-F0D1-4BFD-B485-8B7FC7FD315F}.Release|Any CPU.Build.0 = Release|Any CPU
		{3AF7A7D2-56E3-4CD1-8F60-A53A857DC95B}.Debug|Any CPU.ActiveCfg = Debug|Any CPU
		{3AF7A7D2-56E3-4CD1-8F60-A53A857DC95B}.Debug|Any CPU.Build.0 = Debug|Any CPU
		{3AF7A7D2-56E3-4CD1-8F60-A53A857DC95B}.Release|Any CPU.ActiveCfg = Release|Any CPU
		{3AF7A7D2-56E3-4CD1-8F60-A53A857DC95B}.Release|Any CPU.Build.0 = Release|Any CPU
	EndGlobalSection
	GlobalSection(SolutionProperties) = preSolution
		HideSolutionNode = FALSE
	EndGlobalSection
EndGlobal
